PODS:
  - flutter_thermal_printer (0.0.1):
    - FlutterMacOS
  - FlutterMacOS (1.0.0)
  - universal_ble (0.0.1):
    - Flutter
    - FlutterMacOS

DEPENDENCIES:
  - flutter_thermal_printer (from `Flutter/ephemeral/.symlinks/plugins/flutter_thermal_printer/macos`)
  - FlutterMacOS (from `Flutter/ephemeral`)
  - universal_ble (from `Flutter/ephemeral/.symlinks/plugins/universal_ble/darwin`)

EXTERNAL SOURCES:
  flutter_thermal_printer:
    :path: Flutter/ephemeral/.symlinks/plugins/flutter_thermal_printer/macos
  FlutterMacOS:
    :path: Flutter/ephemeral
  universal_ble:
    :path: Flutter/ephemeral/.symlinks/plugins/universal_ble/darwin

SPEC CHECKSUMS:
  flutter_thermal_printer: 89ad742652b32933223d893678c14cbd59579ed0
  FlutterMacOS: d0db08ddef1a9af05a5ec4b724367152bb0500b1
  universal_ble: cf52a7b3fd2e7c14d6d7262e9fdadb72ab6b88a6

PODFILE CHECKSUM: 3c8ad955ec40fb62e263a45c008146ad22756f7a

COCOAPODS: 1.16.2
